
Microsoft Visual Studio Solution File, Format Version 12.00
# Visual Studio Version 16
VisualStudioVersion = 16.0.30517.126
MinimumVisualStudioVersion = 10.0.40219.1
Project("{FAE04EC0-301F-11D3-BF4B-00C04F79EFBC}") = "WS20", "WS20\WS20.csproj", "{51BB27CB-992D-4531-8BCF-6E9BFEBB6D46}"
EndProject
Global
	GlobalSection(SolutionConfigurationPlatforms) = preSolution
		Debug|Any CPU = Debug|Any CPU
		Release|Any CPU = Release|Any CPU
	EndGlobalSection
	GlobalSection(ProjectConfigurationPlatforms) = postSolution
		{51BB27CB-992D-4531-8BCF-6E9BFEBB6D46}.Debug|Any CPU.ActiveCfg = Debug|Any CPU
		{51BB27CB-992D-4531-8BCF-6E9BFEBB6D46}.Debug|Any CPU.Build.0 = Debug|Any CPU
		{51BB27CB-992D-4531-8BCF-6E9BFEBB6D46}.Release|Any CPU.ActiveCfg = Release|Any CPU
		{51BB27CB-992D-4531-8BCF-6E9BFEBB6D46}.Release|Any CPU.Build.0 = Release|Any CPU
	EndGlobalSection
	GlobalSection(SolutionProperties) = preSolution
		HideSolutionNode = FALSE
	EndGlobalSection
	GlobalSection(ExtensibilityGlobals) = postSolution
		SolutionGuid = {58CE600F-1495-4D67-996D-98ECE2F749EE}
	EndGlobalSection
EndGlobal
